# This file is autogenerated, do not edit; changes may be undone by the next 'dep ensure'.


[[projects]]
  branch = "master"
  digest = "1:cfb22174568e6e38942b13dc341a72e42a87416e89b6726f55c72e9759bbbeb8"
  name = "github.com/bitrise-io/go-utils"
  packages = [
    "colorstring",
    "log",
    "urlutil",
  ]
  pruneopts = "UT"
  revision = "ad86bf775472ce1934affb9d3cb7d5ea3dffd16f"

[solve-meta]
  analyzer-name = "dep"
  analyzer-version = 1
  input-imports = [
    "github.com/bitrise-io/go-utils/colorstring",
    "github.com/bitrise-io/go-utils/log",
    "github.com/bitrise-io/go-utils/urlutil",
  ]
  solver-name = "gps-cdcl"
  solver-version = 1
